
Microsoft Visual Studio Solution File, Format Version 12.00
# Visual Studio Version 17
VisualStudioVersion = 17.2.32630.192
MinimumVisualStudioVersion = 10.0.40219.1
Project("{8BC9CEB8-8B4A-11D0-8D11-00A0C91BC942}") = "10 ЛаБА", "10 ЛаБА\10 ЛаБА.vcxproj", "{900E381E-F2DC-4129-9211-8E38AC68BDA6}"
EndProject
Global
	GlobalSection(SolutionConfigurationPlatforms) = preSolution
		Debug|x64 = Debug|x64
		Debug|x86 = Debug|x86
		Release|x64 = Release|x64
		Release|x86 = Release|x86
	EndGlobalSection
	GlobalSection(ProjectConfigurationPlatforms) = postSolution
		{900E381E-F2DC-4129-9211-8E38AC68BDA6}.Debug|x64.ActiveCfg = Debug|x64
		{900E381E-F2DC-4129-9211-8E38AC68BDA6}.Debug|x64.Build.0 = Debug|x64
		{900E381E-F2DC-4129-9211-8E38AC68BDA6}.Debug|x86.ActiveCfg = Debug|Win32
		{900E381E-F2DC-4129-9211-8E38AC68BDA6}.Debug|x86.Build.0 = Debug|Win32
		{900E381E-F2DC-4129-9211-8E38AC68BDA6}.Release|x64.ActiveCfg = Release|x64
		{900E381E-F2DC-4129-9211-8E38AC68BDA6}.Release|x64.Build.0 = Release|x64
		{900E381E-F2DC-4129-9211-8E38AC68BDA6}.Release|x86.ActiveCfg = Release|Win32
		{900E381E-F2DC-4129-9211-8E38AC68BDA6}.Release|x86.Build.0 = Release|Win32
	EndGlobalSection
	GlobalSection(SolutionProperties) = preSolution
		HideSolutionNode = FALSE
	EndGlobalSection
	GlobalSection(ExtensibilityGlobals) = postSolution
		SolutionGuid = {4265B269-1C51-4611-A323-7E2C9A9E96A9}
	EndGlobalSection
EndGlobal
